{
  "nodes": {
    "flakes": {
      "locked": {
        "lastModified": 1695112391,
        "narHash": "sha256-n9leEp2y5SIOXthe0lWaU5RJjxAc8EEXqbdtxwRnglQ=",
        "owner": "deemp",
        "repo": "flakes",
        "rev": "f10624404d4d10394773d14070a1a2a4ad773fa5",
        "type": "github"
      },
      "original": {
        "owner": "deemp",
        "repo": "flakes",
        "type": "github"
      }
    },
    "jose": {
      "flake": false,
      "locked": {
        "lastModified": 1689826747,
        "narHash": "sha256-MEA5Wpzd7QNI793XqhDh+j+NfAVhmNwJ7PtJF4QX0SQ=",
        "owner": "frasertweedale",
        "repo": "hs-jose",
        "rev": "73a6e85ed8ae75d54f1b25e50a7af88d4b34edc2",
        "type": "github"
      },
      "original": {
        "owner": "frasertweedale",
        "repo": "hs-jose",
        "type": "github"
      }
    },
    "root": {
      "inputs": {
        "flakes": "flakes",
        "jose": "jose"
      }
    }
  },
  "root": "root",
  "version": 7
}
