{
  "nodes": {
    "flakes": {
      "locked": {
        "lastModified": 1690287339,
        "narHash": "sha256-qqkSq4yTZw6zwCAgCmNIFiXKcXp0SD/B/LML/CvMJso=",
        "owner": "deemp",
        "repo": "flakes",
        "rev": "2858784034ef2b70e96e6d2b0330beef22e4726e",
        "type": "github"
      },
      "original": {
        "owner": "deemp",
        "repo": "flakes",
        "type": "github"
      }
    },
    "jose": {
      "flake": false,
      "locked": {
        "lastModified": 1689826747,
        "narHash": "sha256-MEA5Wpzd7QNI793XqhDh+j+NfAVhmNwJ7PtJF4QX0SQ=",
        "owner": "frasertweedale",
        "repo": "hs-jose",
        "rev": "73a6e85ed8ae75d54f1b25e50a7af88d4b34edc2",
        "type": "github"
      },
      "original": {
        "owner": "frasertweedale",
        "repo": "hs-jose",
        "type": "github"
      }
    },
    "root": {
      "inputs": {
        "flakes": "flakes",
        "jose": "jose"
      }
    }
  },
  "root": "root",
  "version": 7
}
