{
  "nodes": {
    "flakes": {
      "locked": {
        "lastModified": 1690678979,
        "narHash": "sha256-p7hS6uVa7J1T56ogiA8x2DVOz/RPR3jAiwrEw2xQeqc=",
        "owner": "deemp",
        "repo": "flakes",
        "rev": "dae76c4bb6523c3246fc0f42f123045f1eb2ec4d",
        "type": "github"
      },
      "original": {
        "owner": "deemp",
        "repo": "flakes",
        "type": "github"
      }
    },
    "jose": {
      "flake": false,
      "locked": {
        "lastModified": 1689826747,
        "narHash": "sha256-MEA5Wpzd7QNI793XqhDh+j+NfAVhmNwJ7PtJF4QX0SQ=",
        "owner": "frasertweedale",
        "repo": "hs-jose",
        "rev": "73a6e85ed8ae75d54f1b25e50a7af88d4b34edc2",
        "type": "github"
      },
      "original": {
        "owner": "frasertweedale",
        "repo": "hs-jose",
        "type": "github"
      }
    },
    "root": {
      "inputs": {
        "flakes": "flakes",
        "jose": "jose"
      }
    }
  },
  "root": "root",
  "version": 7
}
